
Microsoft Visual Studio Solution File, Format Version 12.00
# Visual Studio Version 17
VisualStudioVersion = 17.4.33122.133
MinimumVisualStudioVersion = 15.0.28307.1082
Project("{2150E333-8FDC-42A3-9474-1A3956D46DE8}") = "Aether.Content.Pipeline", "Aether.Content.Pipeline", "{A921886B-C6F7-4FF8-8668-EC20004C464A}"
EndProject
Project("{9A19103F-16F7-4668-BE54-9A1E7A4F7556}") = "DDSImporter", "Content.Pipeline\DDSImporter\DDSImporter.csproj", "{26C387C6-7313-47D4-A05F-14639AB02D70}"
EndProject
Project("{9A19103F-16F7-4668-BE54-9A1E7A4F7556}") = "RawModelProcessor", "Content.Pipeline\RawModelProcessor\RawModelProcessor.csproj", "{48E4029A-115C-4DC2-AF3A-0AB94F36BFC0}"
EndProject
Project("{9A19103F-16F7-4668-BE54-9A1E7A4F7556}") = "GraphicsImporters", "Content.Pipeline\GraphicsImporters\GraphicsImporters.csproj", "{400DC7B2-739D-4156-916D-2F2E1920310D}"
EndProject
Project("{9A19103F-16F7-4668-BE54-9A1E7A4F7556}") = "Aether.Graphics", "Graphics\Aether.Graphics.csproj", "{0A4ED2DF-9CDD-4C98-83AA-1898A394AC27}"
EndProject
Project("{9A19103F-16F7-4668-BE54-9A1E7A4F7556}") = "AnimationImporters", "Content.Pipeline\AnimationImporters\AnimationImporters.csproj", "{D9A47306-DEE0-4410-BC2C-BA8FFCE682A3}"
EndProject
Project("{9A19103F-16F7-4668-BE54-9A1E7A4F7556}") = "TilemapImporter", "Content.Pipeline\TilemapImporters\TilemapImporter.csproj", "{9B0F9C6B-3C43-472D-B0C1-91E11A9FDE89}"
EndProject
Project("{9A19103F-16F7-4668-BE54-9A1E7A4F7556}") = "Aether.Animation.NETSTANDARD", "Animation\Aether.Animation.NETSTANDARD.csproj", "{F08D6D4C-60FB-4543-8D81-594080EB8051}"
EndProject
Project("{9A19103F-16F7-4668-BE54-9A1E7A4F7556}") = "Aether.Animation.NETSTANDARD.DX", "Animation\Aether.Animation.NETSTANDARD.DX.csproj", "{57903A6B-1576-4361-8F03-1D5F038A782A}"
EndProject
Project("{2150E333-8FDC-42A3-9474-1A3956D46DE8}") = "Aether.Shaders", "Aether.Shaders", "{13D47E11-4A7C-49C8-942E-2543E9C0098A}"
EndProject
Project("{9A19103F-16F7-4668-BE54-9A1E7A4F7556}") = "Aether.Shaders.FXAA", "Shaders\FXAA\Aether.Shaders.FXAA.csproj", "{FBBDE2BA-F9F3-4041-8584-2C912C235E26}"
EndProject
Project("{9A19103F-16F7-4668-BE54-9A1E7A4F7556}") = "Aether.Shaders.Deferred", "Shaders\Deferred\Aether.Shaders.Deferred.csproj", "{96105100-20DB-4187-9BCA-0A20AC9F1298}"
EndProject
Project("{9A19103F-16F7-4668-BE54-9A1E7A4F7556}") = "Aether.Shaders.Tilemap", "Shaders\Tilemap\Aether.Shaders.Tilemap.csproj", "{6721CD07-0880-4154-85AF-EBE6043EF178}"
EndProject
Project("{9A19103F-16F7-4668-BE54-9A1E7A4F7556}") = "AtlasImporter", "Content.Pipeline\AtlasImporter\AtlasImporter.csproj", "{E710FBEA-8C75-405D-B6B4-CFC82CB48FB5}"
EndProject
Project("{9A19103F-16F7-4668-BE54-9A1E7A4F7556}") = "Aether.Atlas.NETSTANDARD", "Atlas\Aether.Atlas.NETSTANDARD.csproj", "{C7522B5E-B255-4FB6-A17A-9E6D217AEBD2}"
EndProject
Project("{9A19103F-16F7-4668-BE54-9A1E7A4F7556}") = "Aether.Shaders.InfiniteGrid", "Shaders\InfiniteGrid\Aether.Shaders.InfiniteGrid.csproj", "{08296A2E-BECF-4DB9-A518-8A613D07B80E}"
EndProject
Project("{2150E333-8FDC-42A3-9474-1A3956D46DE8}") = "Samples", "Samples", "{584E505E-859A-4DA8-9235-EE6C61C03479}"
EndProject
Project("{9A19103F-16F7-4668-BE54-9A1E7A4F7556}") = "Samples.Animation.WINDOWS.NET8", "Samples\Animation\Animation.Shared\Samples.Animation.WINDOWS.NET8.csproj", "{53EA1090-FEE4-4F16-96C2-57DD6B75FA75}"
EndProject
Project("{9A19103F-16F7-4668-BE54-9A1E7A4F7556}") = "Samples.FXAA.WINDOWS.NET8", "Samples\FXAA\FXAA.Shared\Samples.FXAA.WINDOWS.NET8.csproj", "{4F224B03-7499-4EE0-A072-7CD7FC266E2A}"
EndProject
Project("{9A19103F-16F7-4668-BE54-9A1E7A4F7556}") = "Samples.Deferred.WINDOWS.NET8", "Samples\Deferred\Deferred.Shared\Samples.Deferred.WINDOWS.NET8.csproj", "{594B1001-B485-499A-A22B-42125763C2CF}"
EndProject
Project("{9A19103F-16F7-4668-BE54-9A1E7A4F7556}") = "Samples.Atlas.WINDOWS.NET8", "Samples\Atlas\Atlas.Shared\Samples.Atlas.WINDOWS.NET8.csproj", "{E605A7E1-EAE9-4EBF-941D-D88A6C1DC568}"
	ProjectSection(ProjectDependencies) = postProject
		{E710FBEA-8C75-405D-B6B4-CFC82CB48FB5} = {E710FBEA-8C75-405D-B6B4-CFC82CB48FB5}
	EndProjectSection
EndProject
Project("{9A19103F-16F7-4668-BE54-9A1E7A4F7556}") = "SLMCImporter", "Content.Pipeline\SLMCImporter\SLMCImporter.csproj", "{C9FA924B-DA91-4641-8B7D-CBC09E5560AE}"
EndProject
Project("{9A19103F-16F7-4668-BE54-9A1E7A4F7556}") = "Samples.SLMC.WINDOWS.NET8", "Samples\SLMC\SLMC.Shared\Samples.SLMC.WINDOWS.NET8.csproj", "{DC1BD888-3D11-4557-AC59-8271DC991ED1}"
	ProjectSection(ProjectDependencies) = postProject
		{C9FA924B-DA91-4641-8B7D-CBC09E5560AE} = {C9FA924B-DA91-4641-8B7D-CBC09E5560AE}
	EndProjectSection
EndProject
Project("{9A19103F-16F7-4668-BE54-9A1E7A4F7556}") = "Samples.Tilemaps.WINDOWS.NET8", "Samples\Tilemap\Tilemap.Shared\Samples.Tilemaps.WINDOWS.NET8.csproj", "{9B99798B-72F3-4E4B-9B99-DE15F7C955E9}"
EndProject
Project("{9A19103F-16F7-4668-BE54-9A1E7A4F7556}") = "Aether.Tilemap", "Tilemap\Aether.Tilemap.csproj", "{7BD9F460-F3F9-40A0-B298-066EA975C06C}"
EndProject
Global
	GlobalSection(SolutionConfigurationPlatforms) = preSolution
		Debug|Any CPU = Debug|Any CPU
		Release|Any CPU = Release|Any CPU
	EndGlobalSection
	GlobalSection(ProjectConfigurationPlatforms) = postSolution
		{26C387C6-7313-47D4-A05F-14639AB02D70}.Debug|Any CPU.ActiveCfg = Debug|Any CPU
		{26C387C6-7313-47D4-A05F-14639AB02D70}.Debug|Any CPU.Build.0 = Debug|Any CPU
		{26C387C6-7313-47D4-A05F-14639AB02D70}.Release|Any CPU.ActiveCfg = Release|Any CPU
		{26C387C6-7313-47D4-A05F-14639AB02D70}.Release|Any CPU.Build.0 = Release|Any CPU
		{48E4029A-115C-4DC2-AF3A-0AB94F36BFC0}.Debug|Any CPU.ActiveCfg = Debug|Any CPU
		{48E4029A-115C-4DC2-AF3A-0AB94F36BFC0}.Debug|Any CPU.Build.0 = Debug|Any CPU
		{48E4029A-115C-4DC2-AF3A-0AB94F36BFC0}.Release|Any CPU.ActiveCfg = Release|Any CPU
		{48E4029A-115C-4DC2-AF3A-0AB94F36BFC0}.Release|Any CPU.Build.0 = Release|Any CPU
		{400DC7B2-739D-4156-916D-2F2E1920310D}.Debug|Any CPU.ActiveCfg = Debug|Any CPU
		{400DC7B2-739D-4156-916D-2F2E1920310D}.Debug|Any CPU.Build.0 = Debug|Any CPU
		{400DC7B2-739D-4156-916D-2F2E1920310D}.Release|Any CPU.ActiveCfg = Release|Any CPU
		{400DC7B2-739D-4156-916D-2F2E1920310D}.Release|Any CPU.Build.0 = Release|Any CPU
		{0A4ED2DF-9CDD-4C98-83AA-1898A394AC27}.Debug|Any CPU.ActiveCfg = Debug|Any CPU
		{0A4ED2DF-9CDD-4C98-83AA-1898A394AC27}.Debug|Any CPU.Build.0 = Debug|Any CPU
		{0A4ED2DF-9CDD-4C98-83AA-1898A394AC27}.Release|Any CPU.ActiveCfg = Release|Any CPU
		{0A4ED2DF-9CDD-4C98-83AA-1898A394AC27}.Release|Any CPU.Build.0 = Release|Any CPU
		{D9A47306-DEE0-4410-BC2C-BA8FFCE682A3}.Debug|Any CPU.ActiveCfg = Debug|Any CPU
		{D9A47306-DEE0-4410-BC2C-BA8FFCE682A3}.Debug|Any CPU.Build.0 = Debug|Any CPU
		{D9A47306-DEE0-4410-BC2C-BA8FFCE682A3}.Release|Any CPU.ActiveCfg = Release|Any CPU
		{D9A47306-DEE0-4410-BC2C-BA8FFCE682A3}.Release|Any CPU.Build.0 = Release|Any CPU
		{9B0F9C6B-3C43-472D-B0C1-91E11A9FDE89}.Debug|Any CPU.ActiveCfg = Debug|Any CPU
		{9B0F9C6B-3C43-472D-B0C1-91E11A9FDE89}.Debug|Any CPU.Build.0 = Debug|Any CPU
		{9B0F9C6B-3C43-472D-B0C1-91E11A9FDE89}.Release|Any CPU.ActiveCfg = Release|Any CPU
		{9B0F9C6B-3C43-472D-B0C1-91E11A9FDE89}.Release|Any CPU.Build.0 = Release|Any CPU
		{F08D6D4C-60FB-4543-8D81-594080EB8051}.Debug|Any CPU.ActiveCfg = Debug|Any CPU
		{F08D6D4C-60FB-4543-8D81-594080EB8051}.Debug|Any CPU.Build.0 = Debug|Any CPU
		{F08D6D4C-60FB-4543-8D81-594080EB8051}.Release|Any CPU.ActiveCfg = Release|Any CPU
		{F08D6D4C-60FB-4543-8D81-594080EB8051}.Release|Any CPU.Build.0 = Release|Any CPU
		{57903A6B-1576-4361-8F03-1D5F038A782A}.Debug|Any CPU.ActiveCfg = Debug|Any CPU
		{57903A6B-1576-4361-8F03-1D5F038A782A}.Debug|Any CPU.Build.0 = Debug|Any CPU
		{57903A6B-1576-4361-8F03-1D5F038A782A}.Release|Any CPU.ActiveCfg = Release|Any CPU
		{57903A6B-1576-4361-8F03-1D5F038A782A}.Release|Any CPU.Build.0 = Release|Any CPU
		{FBBDE2BA-F9F3-4041-8584-2C912C235E26}.Debug|Any CPU.ActiveCfg = Debug|Any CPU
		{FBBDE2BA-F9F3-4041-8584-2C912C235E26}.Debug|Any CPU.Build.0 = Debug|Any CPU
		{FBBDE2BA-F9F3-4041-8584-2C912C235E26}.Release|Any CPU.ActiveCfg = Release|Any CPU
		{FBBDE2BA-F9F3-4041-8584-2C912C235E26}.Release|Any CPU.Build.0 = Release|Any CPU
		{96105100-20DB-4187-9BCA-0A20AC9F1298}.Debug|Any CPU.ActiveCfg = Debug|Any CPU
		{96105100-20DB-4187-9BCA-0A20AC9F1298}.Debug|Any CPU.Build.0 = Debug|Any CPU
		{96105100-20DB-4187-9BCA-0A20AC9F1298}.Release|Any CPU.ActiveCfg = Release|Any CPU
		{96105100-20DB-4187-9BCA-0A20AC9F1298}.Release|Any CPU.Build.0 = Release|Any CPU
		{6721CD07-0880-4154-85AF-EBE6043EF178}.Debug|Any CPU.ActiveCfg = Debug|Any CPU
		{6721CD07-0880-4154-85AF-EBE6043EF178}.Debug|Any CPU.Build.0 = Debug|Any CPU
		{6721CD07-0880-4154-85AF-EBE6043EF178}.Release|Any CPU.ActiveCfg = Release|Any CPU
		{6721CD07-0880-4154-85AF-EBE6043EF178}.Release|Any CPU.Build.0 = Release|Any CPU
		{E710FBEA-8C75-405D-B6B4-CFC82CB48FB5}.Debug|Any CPU.ActiveCfg = Debug|Any CPU
		{E710FBEA-8C75-405D-B6B4-CFC82CB48FB5}.Debug|Any CPU.Build.0 = Debug|Any CPU
		{E710FBEA-8C75-405D-B6B4-CFC82CB48FB5}.Release|Any CPU.ActiveCfg = Release|Any CPU
		{E710FBEA-8C75-405D-B6B4-CFC82CB48FB5}.Release|Any CPU.Build.0 = Release|Any CPU
		{C7522B5E-B255-4FB6-A17A-9E6D217AEBD2}.Debug|Any CPU.ActiveCfg = Debug|Any CPU
		{C7522B5E-B255-4FB6-A17A-9E6D217AEBD2}.Debug|Any CPU.Build.0 = Debug|Any CPU
		{C7522B5E-B255-4FB6-A17A-9E6D217AEBD2}.Release|Any CPU.ActiveCfg = Release|Any CPU
		{C7522B5E-B255-4FB6-A17A-9E6D217AEBD2}.Release|Any CPU.Build.0 = Release|Any CPU
		{08296A2E-BECF-4DB9-A518-8A613D07B80E}.Debug|Any CPU.ActiveCfg = Debug|Any CPU
		{08296A2E-BECF-4DB9-A518-8A613D07B80E}.Debug|Any CPU.Build.0 = Debug|Any CPU
		{08296A2E-BECF-4DB9-A518-8A613D07B80E}.Release|Any CPU.ActiveCfg = Release|Any CPU
		{08296A2E-BECF-4DB9-A518-8A613D07B80E}.Release|Any CPU.Build.0 = Release|Any CPU
		{53EA1090-FEE4-4F16-96C2-57DD6B75FA75}.Debug|Any CPU.ActiveCfg = Debug|Any CPU
		{53EA1090-FEE4-4F16-96C2-57DD6B75FA75}.Debug|Any CPU.Build.0 = Debug|Any CPU
		{53EA1090-FEE4-4F16-96C2-57DD6B75FA75}.Release|Any CPU.ActiveCfg = Release|Any CPU
		{53EA1090-FEE4-4F16-96C2-57DD6B75FA75}.Release|Any CPU.Build.0 = Release|Any CPU
		{4F224B03-7499-4EE0-A072-7CD7FC266E2A}.Debug|Any CPU.ActiveCfg = Debug|Any CPU
		{4F224B03-7499-4EE0-A072-7CD7FC266E2A}.Debug|Any CPU.Build.0 = Debug|Any CPU
		{4F224B03-7499-4EE0-A072-7CD7FC266E2A}.Release|Any CPU.ActiveCfg = Release|Any CPU
		{4F224B03-7499-4EE0-A072-7CD7FC266E2A}.Release|Any CPU.Build.0 = Release|Any CPU
		{594B1001-B485-499A-A22B-42125763C2CF}.Debug|Any CPU.ActiveCfg = Debug|Any CPU
		{594B1001-B485-499A-A22B-42125763C2CF}.Debug|Any CPU.Build.0 = Debug|Any CPU
		{594B1001-B485-499A-A22B-42125763C2CF}.Release|Any CPU.ActiveCfg = Release|Any CPU
		{594B1001-B485-499A-A22B-42125763C2CF}.Release|Any CPU.Build.0 = Release|Any CPU
		{E605A7E1-EAE9-4EBF-941D-D88A6C1DC568}.Debug|Any CPU.ActiveCfg = Debug|Any CPU
		{E605A7E1-EAE9-4EBF-941D-D88A6C1DC568}.Debug|Any CPU.Build.0 = Debug|Any CPU
		{E605A7E1-EAE9-4EBF-941D-D88A6C1DC568}.Release|Any CPU.ActiveCfg = Release|Any CPU
		{E605A7E1-EAE9-4EBF-941D-D88A6C1DC568}.Release|Any CPU.Build.0 = Release|Any CPU
		{C9FA924B-DA91-4641-8B7D-CBC09E5560AE}.Debug|Any CPU.ActiveCfg = Debug|Any CPU
		{C9FA924B-DA91-4641-8B7D-CBC09E5560AE}.Debug|Any CPU.Build.0 = Debug|Any CPU
		{C9FA924B-DA91-4641-8B7D-CBC09E5560AE}.Release|Any CPU.ActiveCfg = Release|Any CPU
		{C9FA924B-DA91-4641-8B7D-CBC09E5560AE}.Release|Any CPU.Build.0 = Release|Any CPU
		{DC1BD888-3D11-4557-AC59-8271DC991ED1}.Debug|Any CPU.ActiveCfg = Debug|Any CPU
		{DC1BD888-3D11-4557-AC59-8271DC991ED1}.Debug|Any CPU.Build.0 = Debug|Any CPU
		{DC1BD888-3D11-4557-AC59-8271DC991ED1}.Release|Any CPU.ActiveCfg = Release|Any CPU
		{DC1BD888-3D11-4557-AC59-8271DC991ED1}.Release|Any CPU.Build.0 = Release|Any CPU
		{9B99798B-72F3-4E4B-9B99-DE15F7C955E9}.Debug|Any CPU.ActiveCfg = Debug|Any CPU
		{9B99798B-72F3-4E4B-9B99-DE15F7C955E9}.Debug|Any CPU.Build.0 = Debug|Any CPU
		{9B99798B-72F3-4E4B-9B99-DE15F7C955E9}.Release|Any CPU.ActiveCfg = Release|Any CPU
		{9B99798B-72F3-4E4B-9B99-DE15F7C955E9}.Release|Any CPU.Build.0 = Release|Any CPU
		{7BD9F460-F3F9-40A0-B298-066EA975C06C}.Debug|Any CPU.ActiveCfg = Debug|Any CPU
		{7BD9F460-F3F9-40A0-B298-066EA975C06C}.Debug|Any CPU.Build.0 = Debug|Any CPU
		{7BD9F460-F3F9-40A0-B298-066EA975C06C}.Release|Any CPU.ActiveCfg = Release|Any CPU
		{7BD9F460-F3F9-40A0-B298-066EA975C06C}.Release|Any CPU.Build.0 = Release|Any CPU
	EndGlobalSection
	GlobalSection(SolutionProperties) = preSolution
		HideSolutionNode = FALSE
	EndGlobalSection
	GlobalSection(NestedProjects) = preSolution
		{26C387C6-7313-47D4-A05F-14639AB02D70} = {A921886B-C6F7-4FF8-8668-EC20004C464A}
		{48E4029A-115C-4DC2-AF3A-0AB94F36BFC0} = {A921886B-C6F7-4FF8-8668-EC20004C464A}
		{400DC7B2-739D-4156-916D-2F2E1920310D} = {A921886B-C6F7-4FF8-8668-EC20004C464A}
		{D9A47306-DEE0-4410-BC2C-BA8FFCE682A3} = {A921886B-C6F7-4FF8-8668-EC20004C464A}
		{9B0F9C6B-3C43-472D-B0C1-91E11A9FDE89} = {A921886B-C6F7-4FF8-8668-EC20004C464A}
		{FBBDE2BA-F9F3-4041-8584-2C912C235E26} = {13D47E11-4A7C-49C8-942E-2543E9C0098A}
		{96105100-20DB-4187-9BCA-0A20AC9F1298} = {13D47E11-4A7C-49C8-942E-2543E9C0098A}
		{6721CD07-0880-4154-85AF-EBE6043EF178} = {13D47E11-4A7C-49C8-942E-2543E9C0098A}
		{E710FBEA-8C75-405D-B6B4-CFC82CB48FB5} = {A921886B-C6F7-4FF8-8668-EC20004C464A}
		{08296A2E-BECF-4DB9-A518-8A613D07B80E} = {13D47E11-4A7C-49C8-942E-2543E9C0098A}
		{53EA1090-FEE4-4F16-96C2-57DD6B75FA75} = {584E505E-859A-4DA8-9235-EE6C61C03479}
		{4F224B03-7499-4EE0-A072-7CD7FC266E2A} = {584E505E-859A-4DA8-9235-EE6C61C03479}
		{594B1001-B485-499A-A22B-42125763C2CF} = {584E505E-859A-4DA8-9235-EE6C61C03479}
		{E605A7E1-EAE9-4EBF-941D-D88A6C1DC568} = {584E505E-859A-4DA8-9235-EE6C61C03479}
		{C9FA924B-DA91-4641-8B7D-CBC09E5560AE} = {A921886B-C6F7-4FF8-8668-EC20004C464A}
		{DC1BD888-3D11-4557-AC59-8271DC991ED1} = {584E505E-859A-4DA8-9235-EE6C61C03479}
		{9B99798B-72F3-4E4B-9B99-DE15F7C955E9} = {584E505E-859A-4DA8-9235-EE6C61C03479}
	EndGlobalSection
	GlobalSection(ExtensibilityGlobals) = postSolution
		SolutionGuid = {946B07A6-9F89-419D-96B7-1293C187301D}
	EndGlobalSection
EndGlobal
